
Microsoft Visual Studio Solution File, Format Version 12.00
# Visual Studio Express 2012 for Windows Desktop
Project("{FAE04EC0-301F-11D3-BF4B-00C04F79EFBC}") = "02. HelloCSharp", "2. HelloCSharp\02. HelloCSharp.csproj", "{12DE6DB9-06CB-406F-B9F3-DF72474C712A}"
EndProject
Project("{FAE04EC0-301F-11D3-BF4B-00C04F79EFBC}") = "03. PrintMyName", "3. PrintMyName\03. PrintMyName.csproj", "{8422A2D1-05E4-4AAF-A789-B8F7F391DA78}"
EndProject
Project("{FAE04EC0-301F-11D3-BF4B-00C04F79EFBC}") = "04. PrintNumbers", "4. PrintNumbers\04. PrintNumbers.csproj", "{A97755E4-38AA-46F4-A90B-0B9424AE3FA3}"
EndProject
Project("{FAE04EC0-301F-11D3-BF4B-00C04F79EFBC}") = "06. PrintFullName", "6. PrintFullName\06. PrintFullName.csproj", "{4B093092-B040-4A4A-AF82-EA67B38E57AD}"
EndProject
Project("{FAE04EC0-301F-11D3-BF4B-00C04F79EFBC}") = "07. CurrentDateTime", "7. CurrentDateTime\07. CurrentDateTime.csproj", "{3F09C9FC-3277-4A98-A0DD-B8B4956390DE}"
EndProject
Project("{FAE04EC0-301F-11D3-BF4B-00C04F79EFBC}") = "08. PrintSquare", "8. PrintSquare\08. PrintSquare.csproj", "{62CDAFD7-956D-4E93-88CF-5D94FCE1E85C}"
EndProject
Project("{FAE04EC0-301F-11D3-BF4B-00C04F79EFBC}") = "09. InvertedSignes", "9. First10Numbers\09. InvertedSignes.csproj", "{E7479BA9-CB80-44D7-B1BD-DD5DF1434FE6}"
EndProject
Project("{FAE04EC0-301F-11D3-BF4B-00C04F79EFBC}") = "14. AgeIn10Years", "14. AgeIn10Years\14. AgeIn10Years.csproj", "{9BD34110-B26A-4036-BDFE-BC60ECAD84CF}"
EndProject
Global
	GlobalSection(SolutionConfigurationPlatforms) = preSolution
		Debug|Any CPU = Debug|Any CPU
		Release|Any CPU = Release|Any CPU
	EndGlobalSection
	GlobalSection(ProjectConfigurationPlatforms) = postSolution
		{12DE6DB9-06CB-406F-B9F3-DF72474C712A}.Debug|Any CPU.ActiveCfg = Debug|Any CPU
		{12DE6DB9-06CB-406F-B9F3-DF72474C712A}.Debug|Any CPU.Build.0 = Debug|Any CPU
		{12DE6DB9-06CB-406F-B9F3-DF72474C712A}.Release|Any CPU.ActiveCfg = Release|Any CPU
		{12DE6DB9-06CB-406F-B9F3-DF72474C712A}.Release|Any CPU.Build.0 = Release|Any CPU
		{8422A2D1-05E4-4AAF-A789-B8F7F391DA78}.Debug|Any CPU.ActiveCfg = Debug|Any CPU
		{8422A2D1-05E4-4AAF-A789-B8F7F391DA78}.Debug|Any CPU.Build.0 = Debug|Any CPU
		{8422A2D1-05E4-4AAF-A789-B8F7F391DA78}.Release|Any CPU.ActiveCfg = Release|Any CPU
		{8422A2D1-05E4-4AAF-A789-B8F7F391DA78}.Release|Any CPU.Build.0 = Release|Any CPU
		{A97755E4-38AA-46F4-A90B-0B9424AE3FA3}.Debug|Any CPU.ActiveCfg = Debug|Any CPU
		{A97755E4-38AA-46F4-A90B-0B9424AE3FA3}.Debug|Any CPU.Build.0 = Debug|Any CPU
		{A97755E4-38AA-46F4-A90B-0B9424AE3FA3}.Release|Any CPU.ActiveCfg = Release|Any CPU
		{A97755E4-38AA-46F4-A90B-0B9424AE3FA3}.Release|Any CPU.Build.0 = Release|Any CPU
		{4B093092-B040-4A4A-AF82-EA67B38E57AD}.Debug|Any CPU.ActiveCfg = Debug|Any CPU
		{4B093092-B040-4A4A-AF82-EA67B38E57AD}.Debug|Any CPU.Build.0 = Debug|Any CPU
		{4B093092-B040-4A4A-AF82-EA67B38E57AD}.Release|Any CPU.ActiveCfg = Release|Any CPU
		{4B093092-B040-4A4A-AF82-EA67B38E57AD}.Release|Any CPU.Build.0 = Release|Any CPU
		{3F09C9FC-3277-4A98-A0DD-B8B4956390DE}.Debug|Any CPU.ActiveCfg = Debug|Any CPU
		{3F09C9FC-3277-4A98-A0DD-B8B4956390DE}.Debug|Any CPU.Build.0 = Debug|Any CPU
		{3F09C9FC-3277-4A98-A0DD-B8B4956390DE}.Release|Any CPU.ActiveCfg = Release|Any CPU
		{3F09C9FC-3277-4A98-A0DD-B8B4956390DE}.Release|Any CPU.Build.0 = Release|Any CPU
		{62CDAFD7-956D-4E93-88CF-5D94FCE1E85C}.Debug|Any CPU.ActiveCfg = Debug|Any CPU
		{62CDAFD7-956D-4E93-88CF-5D94FCE1E85C}.Debug|Any CPU.Build.0 = Debug|Any CPU
		{62CDAFD7-956D-4E93-88CF-5D94FCE1E85C}.Release|Any CPU.ActiveCfg = Release|Any CPU
		{62CDAFD7-956D-4E93-88CF-5D94FCE1E85C}.Release|Any CPU.Build.0 = Release|Any CPU
		{E7479BA9-CB80-44D7-B1BD-DD5DF1434FE6}.Debug|Any CPU.ActiveCfg = Debug|Any CPU
		{E7479BA9-CB80-44D7-B1BD-DD5DF1434FE6}.Debug|Any CPU.Build.0 = Debug|Any CPU
		{E7479BA9-CB80-44D7-B1BD-DD5DF1434FE6}.Release|Any CPU.ActiveCfg = Release|Any CPU
		{E7479BA9-CB80-44D7-B1BD-DD5DF1434FE6}.Release|Any CPU.Build.0 = Release|Any CPU
		{9BD34110-B26A-4036-BDFE-BC60ECAD84CF}.Debug|Any CPU.ActiveCfg = Debug|Any CPU
		{9BD34110-B26A-4036-BDFE-BC60ECAD84CF}.Debug|Any CPU.Build.0 = Debug|Any CPU
		{9BD34110-B26A-4036-BDFE-BC60ECAD84CF}.Release|Any CPU.ActiveCfg = Release|Any CPU
		{9BD34110-B26A-4036-BDFE-BC60ECAD84CF}.Release|Any CPU.Build.0 = Release|Any CPU
	EndGlobalSection
	GlobalSection(SolutionProperties) = preSolution
		HideSolutionNode = FALSE
	EndGlobalSection
EndGlobal
